
Microsoft Visual Studio Solution File, Format Version 12.00
# Visual Studio Version 17
VisualStudioVersion = 17.0.31903.59
MinimumVisualStudioVersion = 10.0.40219.1
Project("{FAE04EC0-301F-11D3-BF4B-00C04F79EFBC}") = "API", "API\API.csproj", "{51255443-FCE4-4A37-A372-FBA5AE8961DA}"
EndProject
Project("{FAE04EC0-301F-11D3-BF4B-00C04F79EFBC}") = "Application", "Application\Application.csproj", "{B95E5002-C290-44F7-BB80-697E7906744E}"
EndProject
Project("{FAE04EC0-301F-11D3-BF4B-00C04F79EFBC}") = "Domain", "Domain\Domain.csproj", "{EFA5B83B-2715-48F9-9170-186B6A7D0332}"
EndProject
Project("{FAE04EC0-301F-11D3-BF4B-00C04F79EFBC}") = "Persistence", "Persistence\Persistence.csproj", "{114D8712-C813-40AB-89A5-1409EA10E8C3}"
EndProject
Global
	GlobalSection(SolutionConfigurationPlatforms) = preSolution
		Debug|Any CPU = Debug|Any CPU
		Debug|x64 = Debug|x64
		Debug|x86 = Debug|x86
		Release|Any CPU = Release|Any CPU
		Release|x64 = Release|x64
		Release|x86 = Release|x86
	EndGlobalSection
	GlobalSection(ProjectConfigurationPlatforms) = postSolution
		{51255443-FCE4-4A37-A372-FBA5AE8961DA}.Debug|Any CPU.ActiveCfg = Debug|Any CPU
		{51255443-FCE4-4A37-A372-FBA5AE8961DA}.Debug|Any CPU.Build.0 = Debug|Any CPU
		{51255443-FCE4-4A37-A372-FBA5AE8961DA}.Debug|x64.ActiveCfg = Debug|Any CPU
		{51255443-FCE4-4A37-A372-FBA5AE8961DA}.Debug|x64.Build.0 = Debug|Any CPU
		{51255443-FCE4-4A37-A372-FBA5AE8961DA}.Debug|x86.ActiveCfg = Debug|Any CPU
		{51255443-FCE4-4A37-A372-FBA5AE8961DA}.Debug|x86.Build.0 = Debug|Any CPU
		{51255443-FCE4-4A37-A372-FBA5AE8961DA}.Release|Any CPU.ActiveCfg = Release|Any CPU
		{51255443-FCE4-4A37-A372-FBA5AE8961DA}.Release|Any CPU.Build.0 = Release|Any CPU
		{51255443-FCE4-4A37-A372-FBA5AE8961DA}.Release|x64.ActiveCfg = Release|Any CPU
		{51255443-FCE4-4A37-A372-FBA5AE8961DA}.Release|x64.Build.0 = Release|Any CPU
		{51255443-FCE4-4A37-A372-FBA5AE8961DA}.Release|x86.ActiveCfg = Release|Any CPU
		{51255443-FCE4-4A37-A372-FBA5AE8961DA}.Release|x86.Build.0 = Release|Any CPU
		{B95E5002-C290-44F7-BB80-697E7906744E}.Debug|Any CPU.ActiveCfg = Debug|Any CPU
		{B95E5002-C290-44F7-BB80-697E7906744E}.Debug|Any CPU.Build.0 = Debug|Any CPU
		{B95E5002-C290-44F7-BB80-697E7906744E}.Debug|x64.ActiveCfg = Debug|Any CPU
		{B95E5002-C290-44F7-BB80-697E7906744E}.Debug|x64.Build.0 = Debug|Any CPU
		{B95E5002-C290-44F7-BB80-697E7906744E}.Debug|x86.ActiveCfg = Debug|Any CPU
		{B95E5002-C290-44F7-BB80-697E7906744E}.Debug|x86.Build.0 = Debug|Any CPU
		{B95E5002-C290-44F7-BB80-697E7906744E}.Release|Any CPU.ActiveCfg = Release|Any CPU
		{B95E5002-C290-44F7-BB80-697E7906744E}.Release|Any CPU.Build.0 = Release|Any CPU
		{B95E5002-C290-44F7-BB80-697E7906744E}.Release|x64.ActiveCfg = Release|Any CPU
		{B95E5002-C290-44F7-BB80-697E7906744E}.Release|x64.Build.0 = Release|Any CPU
		{B95E5002-C290-44F7-BB80-697E7906744E}.Release|x86.ActiveCfg = Release|Any CPU
		{B95E5002-C290-44F7-BB80-697E7906744E}.Release|x86.Build.0 = Release|Any CPU
		{EFA5B83B-2715-48F9-9170-186B6A7D0332}.Debug|Any CPU.ActiveCfg = Debug|Any CPU
		{EFA5B83B-2715-48F9-9170-186B6A7D0332}.Debug|Any CPU.Build.0 = Debug|Any CPU
		{EFA5B83B-2715-48F9-9170-186B6A7D0332}.Debug|x64.ActiveCfg = Debug|Any CPU
		{EFA5B83B-2715-48F9-9170-186B6A7D0332}.Debug|x64.Build.0 = Debug|Any CPU
		{EFA5B83B-2715-48F9-9170-186B6A7D0332}.Debug|x86.ActiveCfg = Debug|Any CPU
		{EFA5B83B-2715-48F9-9170-186B6A7D0332}.Debug|x86.Build.0 = Debug|Any CPU
		{EFA5B83B-2715-48F9-9170-186B6A7D0332}.Release|Any CPU.ActiveCfg = Release|Any CPU
		{EFA5B83B-2715-48F9-9170-186B6A7D0332}.Release|Any CPU.Build.0 = Release|Any CPU
		{EFA5B83B-2715-48F9-9170-186B6A7D0332}.Release|x64.ActiveCfg = Release|Any CPU
		{EFA5B83B-2715-48F9-9170-186B6A7D0332}.Release|x64.Build.0 = Release|Any CPU
		{EFA5B83B-2715-48F9-9170-186B6A7D0332}.Release|x86.ActiveCfg = Release|Any CPU
		{EFA5B83B-2715-48F9-9170-186B6A7D0332}.Release|x86.Build.0 = Release|Any CPU
		{114D8712-C813-40AB-89A5-1409EA10E8C3}.Debug|Any CPU.ActiveCfg = Debug|Any CPU
		{114D8712-C813-40AB-89A5-1409EA10E8C3}.Debug|Any CPU.Build.0 = Debug|Any CPU
		{114D8712-C813-40AB-89A5-1409EA10E8C3}.Debug|x64.ActiveCfg = Debug|Any CPU
		{114D8712-C813-40AB-89A5-1409EA10E8C3}.Debug|x64.Build.0 = Debug|Any CPU
		{114D8712-C813-40AB-89A5-1409EA10E8C3}.Debug|x86.ActiveCfg = Debug|Any CPU
		{114D8712-C813-40AB-89A5-1409EA10E8C3}.Debug|x86.Build.0 = Debug|Any CPU
		{114D8712-C813-40AB-89A5-1409EA10E8C3}.Release|Any CPU.ActiveCfg = Release|Any CPU
		{114D8712-C813-40AB-89A5-1409EA10E8C3}.Release|Any CPU.Build.0 = Release|Any CPU
		{114D8712-C813-40AB-89A5-1409EA10E8C3}.Release|x64.ActiveCfg = Release|Any CPU
		{114D8712-C813-40AB-89A5-1409EA10E8C3}.Release|x64.Build.0 = Release|Any CPU
		{114D8712-C813-40AB-89A5-1409EA10E8C3}.Release|x86.ActiveCfg = Release|Any CPU
		{114D8712-C813-40AB-89A5-1409EA10E8C3}.Release|x86.Build.0 = Release|Any CPU
	EndGlobalSection
	GlobalSection(SolutionProperties) = preSolution
		HideSolutionNode = FALSE
	EndGlobalSection
EndGlobal
